{
  "name": "@collaborative-editor/server",
  "version": "0.1.0",
  "lockfileVersion": 3,
  "requires": true,
  "packages": {
    "": {
      "name": "@collaborative-editor/server",
      "version": "0.1.0",
      "dependencies": {
        "ws": "^8.18.3",
        "y-websocket": "^2.0.4",
        "yjs": "^13.6.18"
      },
      "bin": {
        "collab-server": "bin/cli.js"
      }
    },
    "../../node_modules/.pnpm/ws@8.18.3/node_modules/ws": {
      "version": "8.18.3",
      "license": "MIT",
      "devDependencies": {
        "benchmark": "^2.1.4",
        "bufferutil": "^4.0.1",
        "eslint": "^9.0.0",
        "eslint-config-prettier": "^10.0.1",
        "eslint-plugin-prettier": "^5.0.0",
        "globals": "^16.0.0",
        "mocha": "^8.4.0",
        "nyc": "^15.0.0",
        "prettier": "^3.0.0",
        "utf-8-validate": "^6.0.0"
      },
      "engines": {
        "node": ">=10.0.0"
      },
      "peerDependencies": {
        "bufferutil": "^4.0.1",
        "utf-8-validate": ">=5.0.2"
      },
      "peerDependenciesMeta": {
        "bufferutil": {
          "optional": true
        },
        "utf-8-validate": {
          "optional": true
        }
      }
    },
    "../../node_modules/.pnpm/y-websocket@2.1.0_yjs@13.6.27/node_modules/y-websocket": {
      "version": "2.1.0",
      "license": "MIT",
      "dependencies": {
        "lib0": "^0.2.52",
        "lodash.debounce": "^4.0.8",
        "y-protocols": "^1.0.5"
      },
      "bin": {
        "y-websocket": "bin/server.cjs",
        "y-websocket-server": "bin/server.cjs"
      },
      "devDependencies": {
        "@types/lodash.debounce": "^4.0.9",
        "@types/node": "^18.15.0",
        "@types/ws": "^8.5.10",
        "rollup": "^3.19.1",
        "standard": "^12.0.1",
        "typescript": "^4.9.5",
        "yjs": "^13.5.0"
      },
      "engines": {
        "node": ">=16.0.0",
        "npm": ">=8.0.0"
      },
      "funding": {
        "type": "GitHub Sponsors ❤",
        "url": "https://github.com/sponsors/dmonad"
      },
      "optionalDependencies": {
        "ws": "^6.2.1",
        "y-leveldb": "^0.1.0"
      },
      "peerDependencies": {
        "yjs": "^13.5.6"
      }
    },
    "../../node_modules/.pnpm/yjs@13.6.27/node_modules/yjs": {
      "version": "13.6.27",
      "license": "MIT",
      "dependencies": {
        "lib0": "^0.2.99"
      },
      "devDependencies": {
        "@rollup/plugin-commonjs": "^24.0.1",
        "@rollup/plugin-node-resolve": "^15.0.1",
        "@types/node": "^18.15.5",
        "concurrently": "^3.6.1",
        "http-server": "^0.12.3",
        "jsdoc": "^3.6.7",
        "markdownlint-cli": "^0.41.0",
        "rollup": "^3.20.0",
        "standard": "^16.0.4",
        "tui-jsdoc-template": "^1.2.2",
        "typescript": "^4.9.5",
        "y-protocols": "^1.0.5"
      },
      "engines": {
        "node": ">=16.0.0",
        "npm": ">=8.0.0"
      },
      "funding": {
        "type": "GitHub Sponsors ❤",
        "url": "https://github.com/sponsors/dmonad"
      }
    },
    "node_modules/ws": {
      "resolved": "../../node_modules/.pnpm/ws@8.18.3/node_modules/ws",
      "link": true
    },
    "node_modules/y-websocket": {
      "resolved": "../../node_modules/.pnpm/y-websocket@2.1.0_yjs@13.6.27/node_modules/y-websocket",
      "link": true
    },
    "node_modules/yjs": {
      "resolved": "../../node_modules/.pnpm/yjs@13.6.27/node_modules/yjs",
      "link": true
    }
  }
}
